
Microsoft Visual Studio Solution File, Format Version 12.00
# Visual Studio Version 16
VisualStudioVersion = 16.0.32413.511
MinimumVisualStudioVersion = 10.0.40219.1
Project("{FAE04EC0-301F-11D3-BF4B-00C04F79EFBC}") = "Petroineos", "Petroineos.csproj", "{A63D5A9B-9D70-46AE-9452-57ACD635936A}"
EndProject
Project("{9A19103F-16F7-4668-BE54-9A1E7A4F7556}") = "PetroineosTests", "..\petroineosTests\PetroineosTests.csproj", "{D47C3651-8AC0-44ED-86D1-145315A39893}"
EndProject
Global
	GlobalSection(SolutionConfigurationPlatforms) = preSolution
		Debug|Any CPU = Debug|Any CPU
		Release|Any CPU = Release|Any CPU
	EndGlobalSection
	GlobalSection(ProjectConfigurationPlatforms) = postSolution
		{A63D5A9B-9D70-46AE-9452-57ACD635936A}.Debug|Any CPU.ActiveCfg = Debug|Any CPU
		{A63D5A9B-9D70-46AE-9452-57ACD635936A}.Debug|Any CPU.Build.0 = Debug|Any CPU
		{A63D5A9B-9D70-46AE-9452-57ACD635936A}.Release|Any CPU.ActiveCfg = Release|Any CPU
		{A63D5A9B-9D70-46AE-9452-57ACD635936A}.Release|Any CPU.Build.0 = Release|Any CPU
		{D47C3651-8AC0-44ED-86D1-145315A39893}.Debug|Any CPU.ActiveCfg = Debug|Any CPU
		{D47C3651-8AC0-44ED-86D1-145315A39893}.Debug|Any CPU.Build.0 = Debug|Any CPU
		{D47C3651-8AC0-44ED-86D1-145315A39893}.Release|Any CPU.ActiveCfg = Release|Any CPU
		{D47C3651-8AC0-44ED-86D1-145315A39893}.Release|Any CPU.Build.0 = Release|Any CPU
	EndGlobalSection
	GlobalSection(SolutionProperties) = preSolution
		HideSolutionNode = FALSE
	EndGlobalSection
	GlobalSection(ExtensibilityGlobals) = postSolution
		SolutionGuid = {529242FE-DF07-4108-80F4-0AF655EB100E}
	EndGlobalSection
EndGlobal
